
Microsoft Visual Studio Solution File, Format Version 12.00
# Visual Studio 15
VisualStudioVersion = 15.0.28307.106
MinimumVisualStudioVersion = 10.0.40219.1
Project("{9A19103F-16F7-4668-BE54-9A1E7A4F7556}") = "CallingGitApis", "CallingGitApis\CallingGitApis.csproj", "{B3101A0D-D879-4E16-995A-C7C41E47E88D}"
EndProject
Project("{9A19103F-16F7-4668-BE54-9A1E7A4F7556}") = "LBHAPIHub", "LBHAPIHub\LBHAPIHub.csproj", "{33ADB8F2-9DFA-4045-B4E8-D8DB49B35CBB}"
EndProject
Project("{FAE04EC0-301F-11D3-BF4B-00C04F79EFBC}") = "LBHAPIHubTest", "LBHAPIHubTest\LBHAPIHubTest.csproj", "{327553FA-7E4E-4860-A738-ECF470770A6F}"
EndProject
Global
	GlobalSection(SolutionConfigurationPlatforms) = preSolution
		Debug|Any CPU = Debug|Any CPU
		Release|Any CPU = Release|Any CPU
	EndGlobalSection
	GlobalSection(ProjectConfigurationPlatforms) = postSolution
		{B3101A0D-D879-4E16-995A-C7C41E47E88D}.Debug|Any CPU.ActiveCfg = Debug|Any CPU
		{B3101A0D-D879-4E16-995A-C7C41E47E88D}.Debug|Any CPU.Build.0 = Debug|Any CPU
		{B3101A0D-D879-4E16-995A-C7C41E47E88D}.Release|Any CPU.ActiveCfg = Release|Any CPU
		{B3101A0D-D879-4E16-995A-C7C41E47E88D}.Release|Any CPU.Build.0 = Release|Any CPU
		{33ADB8F2-9DFA-4045-B4E8-D8DB49B35CBB}.Debug|Any CPU.ActiveCfg = Debug|Any CPU
		{33ADB8F2-9DFA-4045-B4E8-D8DB49B35CBB}.Debug|Any CPU.Build.0 = Debug|Any CPU
		{33ADB8F2-9DFA-4045-B4E8-D8DB49B35CBB}.Release|Any CPU.ActiveCfg = Release|Any CPU
		{33ADB8F2-9DFA-4045-B4E8-D8DB49B35CBB}.Release|Any CPU.Build.0 = Release|Any CPU
		{327553FA-7E4E-4860-A738-ECF470770A6F}.Debug|Any CPU.ActiveCfg = Debug|Any CPU
		{327553FA-7E4E-4860-A738-ECF470770A6F}.Debug|Any CPU.Build.0 = Debug|Any CPU
		{327553FA-7E4E-4860-A738-ECF470770A6F}.Release|Any CPU.ActiveCfg = Release|Any CPU
		{327553FA-7E4E-4860-A738-ECF470770A6F}.Release|Any CPU.Build.0 = Release|Any CPU
	EndGlobalSection
	GlobalSection(SolutionProperties) = preSolution
		HideSolutionNode = FALSE
	EndGlobalSection
	GlobalSection(ExtensibilityGlobals) = postSolution
		SolutionGuid = {4F388077-A979-49C0-A8E5-51791C083C60}
	EndGlobalSection
EndGlobal
