
Microsoft Visual Studio Solution File, Format Version 12.00
# Visual Studio 15
VisualStudioVersion = 15.0.28307.106
MinimumVisualStudioVersion = 10.0.40219.1
Project("{FAE04EC0-301F-11D3-BF4B-00C04F79EFBC}") = "CallingGitApis", "CallingGitApis\CallingGitApis.csproj", "{B3101A0D-D879-4E16-995A-C7C41E47E88D}"
EndProject
Global
	GlobalSection(SolutionConfigurationPlatforms) = preSolution
		Debug|Any CPU = Debug|Any CPU
		Release|Any CPU = Release|Any CPU
	EndGlobalSection
	GlobalSection(ProjectConfigurationPlatforms) = postSolution
		{B3101A0D-D879-4E16-995A-C7C41E47E88D}.Debug|Any CPU.ActiveCfg = Debug|Any CPU
		{B3101A0D-D879-4E16-995A-C7C41E47E88D}.Debug|Any CPU.Build.0 = Debug|Any CPU
		{B3101A0D-D879-4E16-995A-C7C41E47E88D}.Release|Any CPU.ActiveCfg = Release|Any CPU
		{B3101A0D-D879-4E16-995A-C7C41E47E88D}.Release|Any CPU.Build.0 = Release|Any CPU
	EndGlobalSection
	GlobalSection(SolutionProperties) = preSolution
		HideSolutionNode = FALSE
	EndGlobalSection
	GlobalSection(ExtensibilityGlobals) = postSolution
		SolutionGuid = {4F388077-A979-49C0-A8E5-51791C083C60}
	EndGlobalSection
EndGlobal
